
Microsoft Visual Studio Solution File, Format Version 12.00
# Visual Studio Version 17
VisualStudioVersion = 17.13.35931.197 d17.13
MinimumVisualStudioVersion = 10.0.40219.1
Project("{FAE04EC0-301F-11D3-BF4B-00C04F79EFBC}") = "BedrockKnowledgeAssistant", "BedrockKnowledgeAssistant\BedrockKnowledgeAssistant.csproj", "{AAF8FFEE-9BC1-4E0A-A853-0D8E9DDFEAEB}"
EndProject
Global
	GlobalSection(SolutionConfigurationPlatforms) = preSolution
		Debug|Any CPU = Debug|Any CPU
		Release|Any CPU = Release|Any CPU
	EndGlobalSection
	GlobalSection(ProjectConfigurationPlatforms) = postSolution
		{AAF8FFEE-9BC1-4E0A-A853-0D8E9DDFEAEB}.Debug|Any CPU.ActiveCfg = Debug|Any CPU
		{AAF8FFEE-9BC1-4E0A-A853-0D8E9DDFEAEB}.Debug|Any CPU.Build.0 = Debug|Any CPU
		{AAF8FFEE-9BC1-4E0A-A853-0D8E9DDFEAEB}.Release|Any CPU.ActiveCfg = Release|Any CPU
		{AAF8FFEE-9BC1-4E0A-A853-0D8E9DDFEAEB}.Release|Any CPU.Build.0 = Release|Any CPU
	EndGlobalSection
	GlobalSection(SolutionProperties) = preSolution
		HideSolutionNode = FALSE
	EndGlobalSection
	GlobalSection(ExtensibilityGlobals) = postSolution
		SolutionGuid = {F40888C6-2249-47E3-AAD0-84ADF0662071}
	EndGlobalSection
EndGlobal
